<?xml version="1.0" encoding="utf-8"?>
<Project ToolsVersion="4.0" xmlns="http://schemas.microsoft.com/developer/msbuild/2003">
  <ItemGroup>
    <Filter Include="VoidEngine">
      <UniqueIdentifier>{8D6EE4B4-7926-2602-E22D-FF5DCE04C1F2}</UniqueIdentifier>
    </Filter>
  </ItemGroup>
  <ItemGroup>
    <ClInclude Include="src\VoidEngine.h" />
    <ClInclude Include="src\VoidEngine\Application.h">
      <Filter>VoidEngine</Filter>
    </ClInclude>
    <ClInclude Include="src\VoidEngine\Core.h">
      <Filter>VoidEngine</Filter>
    </ClInclude>
    <ClInclude Include="src\VoidEngine\EntryPoint.h">
      <Filter>VoidEngine</Filter>
    </ClInclude>
    <ClInclude Include="src\VoidEngine\Log.h">
      <Filter>VoidEngine</Filter>
    </ClInclude>
  </ItemGroup>
  <ItemGroup>
    <ClCompile Include="src\VoidEngine\Application.cpp">
      <Filter>VoidEngine</Filter>
    </ClCompile>
    <ClCompile Include="src\VoidEngine\Log.cpp">
      <Filter>VoidEngine</Filter>
    </ClCompile>
  </ItemGroup>
</Project>